{
  "name": "detail-page",
  "lockfileVersion": 3,
  "requires": true,
  "packages": {
    "": {
      "name": "detail-page",
      "dependencies": {
        "antd": "^5.24.2",
        "react": "^18.2.0",
        "react-dom": "^18.2.0"
      },
      "devDependencies": {
        "@rspack/cli": "^1.2.0",
        "@rspack/core": "^1.2.0",
        "@rspack/plugin-react-refresh": "^1.0.0",
        "@types/react": "^18.2.0",
        "@types/react-dom": "^18.2.0",
        "react-refresh": "^0.14.0",
        "typescript": "^5.7.0"
      }
    },
    "../node_modules/.pnpm/@rspack+cli@1.7.7_@rspack+core@1.7.7_tslib@2.6.2/node_modules/@rspack/cli": {
      "version": "1.7.7",
      "dev": true,
      "license": "MIT",
      "dependencies": {
        "@discoveryjs/json-ext": "^0.5.7",
        "@rspack/dev-server": "~1.1.5",
        "exit-hook": "^4.0.0",
        "webpack-bundle-analyzer": "4.10.2"
      },
      "bin": {
        "rspack": "bin/rspack.js"
      },
      "devDependencies": {
        "@rslib/core": "0.19.2",
        "@rspack/core": "1.7.7",
        "@rspack/test-tools": "1.7.7",
        "@types/webpack-bundle-analyzer": "^4.7.0",
        "cac": "^6.7.14",
        "concat-stream": "^2.0.0",
        "cross-env": "^10.1.0",
        "execa": "^5.1.1",
        "picocolors": "^1.1.1",
        "pirates": "^4.0.7",
        "ts-node": "^10.9.2",
        "typescript": "^5.9.3"
      },
      "peerDependencies": {
        "@rspack/core": "^1.0.0-alpha || ^1.x"
      }
    },
    "../node_modules/.pnpm/@rspack+core@1.7.7/node_modules/@rspack/core": {
      "version": "1.7.7",
      "dev": true,
      "license": "MIT",
      "dependencies": {
        "@module-federation/runtime-tools": "0.22.0",
        "@rspack/binding": "1.7.7",
        "@rspack/lite-tapable": "1.1.0"
      },
      "devDependencies": {
        "@ast-grep/napi": "^0.40.5",
        "@napi-rs/wasm-runtime": "1.0.7",
        "@rsbuild/plugin-node-polyfill": "^1.4.2",
        "@rslib/core": "0.19.2",
        "@swc/types": "0.1.25",
        "@types/node": "^20.19.29",
        "@types/watchpack": "^2.4.5",
        "browserslist-load-config": "^1.0.1",
        "enhanced-resolve": "5.18.4",
        "glob-to-regexp": "^0.4.1",
        "memfs": "4.53.0",
        "prebundle": "^1.6.0",
        "tinypool": "^1.1.1",
        "tsx": "^4.21.0",
        "typescript": "^5.9.3",
        "watchpack": "^2.4.4",
        "webpack-sources": "3.3.3"
      },
      "engines": {
        "node": ">=18.12.0"
      },
      "peerDependencies": {
        "@swc/helpers": ">=0.5.1"
      },
      "peerDependenciesMeta": {
        "@swc/helpers": {
          "optional": true
        }
      }
    },
    "../node_modules/.pnpm/@rspack+plugin-react-refresh@1.0.0_react-refresh@0.14.0/node_modules/@rspack/plugin-react-refresh": {
      "version": "1.0.0",
      "dev": true,
      "license": "MIT",
      "dependencies": {
        "error-stack-parser": "^2.0.6",
        "html-entities": "^2.1.0"
      },
      "devDependencies": {
        "@biomejs/biome": "^1.8.3",
        "@rspack/core": "1.0.0-beta.4",
        "@types/jest": "29.5.12",
        "@types/node": "^20.14.13",
        "cross-env": "^7.0.3",
        "execa": "9.3.0",
        "fs-extra": "11.2.0",
        "jest": "29.7.0",
        "jest-cli": "29.7.0",
        "jest-environment-node": "29.7.0",
        "nano-staged": "^0.8.0",
        "react-refresh": "^0.14.0",
        "semver": "7.6.3",
        "simple-git-hooks": "^2.11.1",
        "ts-jest": "29.1.2",
        "typescript": "5.0.2"
      },
      "peerDependencies": {
        "react-refresh": ">=0.10.0 <1.0.0"
      },
      "peerDependenciesMeta": {
        "react-refresh": {
          "optional": true
        }
      }
    },
    "../node_modules/.pnpm/@types+react-dom@18.2.18/node_modules/@types/react-dom": {
      "version": "18.2.18",
      "dev": true,
      "license": "MIT",
      "dependencies": {
        "@types/react": "*"
      }
    },
    "../node_modules/.pnpm/@types+react@18.2.48/node_modules/@types/react": {
      "version": "18.2.48",
      "dev": true,
      "license": "MIT",
      "dependencies": {
        "@types/prop-types": "*",
        "@types/scheduler": "*",
        "csstype": "^3.0.2"
      }
    },
    "../node_modules/.pnpm/antd@5.29.3_react-dom@18.2.0_react@18.2.0/node_modules/antd": {
      "version": "5.29.3",
      "license": "MIT",
      "dependencies": {
        "@ant-design/colors": "^7.2.1",
        "@ant-design/cssinjs": "^1.23.0",
        "@ant-design/cssinjs-utils": "^1.1.3",
        "@ant-design/fast-color": "^2.0.6",
        "@ant-design/icons": "^5.6.1",
        "@ant-design/react-slick": "~1.1.2",
        "@babel/runtime": "^7.26.0",
        "@rc-component/color-picker": "~2.0.1",
        "@rc-component/mutate-observer": "^1.1.0",
        "@rc-component/qrcode": "~1.1.0",
        "@rc-component/tour": "~1.15.1",
        "@rc-component/trigger": "^2.3.0",
        "classnames": "^2.5.1",
        "copy-to-clipboard": "^3.3.3",
        "dayjs": "^1.11.11",
        "rc-cascader": "~3.34.0",
        "rc-checkbox": "~3.5.0",
        "rc-collapse": "~3.9.0",
        "rc-dialog": "~9.6.0",
        "rc-drawer": "~7.3.0",
        "rc-dropdown": "~4.2.1",
        "rc-field-form": "~2.7.1",
        "rc-image": "~7.12.0",
        "rc-input": "~1.8.0",
        "rc-input-number": "~9.5.0",
        "rc-mentions": "~2.20.0",
        "rc-menu": "~9.16.1",
        "rc-motion": "^2.9.5",
        "rc-notification": "~5.6.4",
        "rc-pagination": "~5.1.0",
        "rc-picker": "~4.11.3",
        "rc-progress": "~4.0.0",
        "rc-rate": "~2.13.1",
        "rc-resize-observer": "^1.4.3",
        "rc-segmented": "~2.7.0",
        "rc-select": "~14.16.8",
        "rc-slider": "~11.1.9",
        "rc-steps": "~6.0.1",
        "rc-switch": "~4.1.0",
        "rc-table": "~7.54.0",
        "rc-tabs": "~15.7.0",
        "rc-textarea": "~1.10.2",
        "rc-tooltip": "~6.4.0",
        "rc-tree": "~5.13.1",
        "rc-tree-select": "~5.27.0",
        "rc-upload": "~4.11.0",
        "rc-util": "^5.44.4",
        "scroll-into-view-if-needed": "^3.1.0",
        "throttle-debounce": "^5.0.2"
      },
      "devDependencies": {
        "@ant-design/compatible": "^5.1.3",
        "@ant-design/happy-work-theme": "^1.0.0",
        "@ant-design/tools": "^18.0.3",
        "@ant-design/v5-patch-for-react-19": "^1.0.2",
        "@antfu/eslint-config": "^6.0.0",
        "@antv/g6": "^4.8.24",
        "@biomejs/biome": "^2.2.0",
        "@blazediff/core": "^1.0.0",
        "@codecov/webpack-plugin": "^1.4.0",
        "@codesandbox/sandpack-react": "^2.19.10",
        "@dnd-kit/core": "^6.2.0",
        "@dnd-kit/modifiers": "^9.0.0",
        "@dnd-kit/sortable": "^10.0.0",
        "@dnd-kit/utilities": "^3.2.2",
        "@emotion/css": "^11.13.5",
        "@emotion/react": "^11.13.5",
        "@emotion/server": "^11.11.0",
        "@eslint-react/eslint-plugin": "^2.0.6",
        "@ianvs/prettier-plugin-sort-imports": "^4.4.0",
        "@inquirer/prompts": "^8.0.1",
        "@madccc/duplicate-package-checker-webpack-plugin": "^1.0.0",
        "@microflash/rehype-figure": "^2.1.1",
        "@npmcli/run-script": "^10.0.0",
        "@octokit/rest": "^22.0.0",
        "@prettier/sync": "^0.6.1",
        "@qixian.cs/github-contributors-list": "^2.0.2",
        "@size-limit/file": "^11.1.6",
        "@stackblitz/sdk": "^1.11.0",
        "@testing-library/dom": "^10.4.0",
        "@testing-library/jest-dom": "^6.9.1",
        "@testing-library/react": "^16.0.1",
        "@testing-library/user-event": "^14.5.2",
        "@types/adm-zip": "^0.5.6",
        "@types/ali-oss": "^6.16.11",
        "@types/cli-progress": "^3.11.6",
        "@types/css-tree": "^2.3.10",
        "@types/fs-extra": "^11.0.4",
        "@types/gtag.js": "^0.0.20",
        "@types/http-server": "^0.12.4",
        "@types/isomorphic-fetch": "^0.0.39",
        "@types/jest": "^30.0.0",
        "@types/jest-axe": "^3.5.9",
        "@types/jest-environment-puppeteer": "^5.0.6",
        "@types/jest-image-snapshot": "^6.4.0",
        "@types/jquery": "^3.5.31",
        "@types/jsdom": "^27.0.0",
        "@types/lodash": "^4.17.12",
        "@types/minimist": "^1.2.5",
        "@types/node": "^24.0.0",
        "@types/nprogress": "^0.2.3",
        "@types/pngjs": "^6.0.5",
        "@types/prismjs": "^1.26.4",
        "@types/progress": "^2.0.7",
        "@types/react": "^19.2.0",
        "@types/react-copy-to-clipboard": "^5.0.7",
        "@types/react-dom": "^19.2.0",
        "@types/react-highlight-words": "^0.20.0",
        "@types/react-resizable": "^3.0.8",
        "@types/semver": "^7.5.8",
        "@types/spinnies": "^0.5.3",
        "@types/tar": "^6.1.13",
        "@types/throttle-debounce": "^5.0.2",
        "@types/warning": "^3.0.3",
        "adm-zip": "^0.5.16",
        "ali-oss": "^6.21.0",
        "antd-img-crop": "^4.27.0",
        "antd-style": "^3.7.1",
        "antd-token-previewer": "^2.0.8",
        "axios": "^1.7.7",
        "chalk": "^5.0.0",
        "cheerio": "^1.0.0",
        "circular-dependency-plugin": "^5.2.2",
        "cli-progress": "^3.12.0",
        "cross-env": "^10.0.0",
        "css-tree": "^3.1.0",
        "csstree-validator": "^4.0.1",
        "cypress-image-diff-html-report": "2.2.0",
        "dekko": "^0.2.1",
        "dotenv": "^17.0.0",
        "dumi": "~2.4.20",
        "dumi-plugin-color-chunk": "^2.1.0",
        "env-paths": "^3.0.0",
        "eslint": "^9.36.0",
        "eslint-plugin-compat": "^6.0.1",
        "eslint-plugin-jest": "^29.0.1",
        "eslint-plugin-jsx-a11y": "^6.10.0",
        "eslint-plugin-react-hooks": "^7.0.1",
        "eslint-plugin-react-refresh": "^0.4.22",
        "fast-glob": "^3.3.2",
        "fs-extra": "^11.2.0",
        "gh-pages": "^6.2.0",
        "github-slugger": "^2.0.0",
        "glob": "^13.0.0",
        "hast-util-to-string": "^3.0.1",
        "html2sketch": "^1.0.2",
        "http-server": "^14.1.1",
        "husky": "^9.1.6",
        "identity-obj-proxy": "^3.0.0",
        "immer": "^10.1.1",
        "is-ci": "^4.0.0",
        "isomorphic-fetch": "^3.0.0",
        "jest": "^30.1.0",
        "jest-axe": "^10.0.0",
        "jest-canvas-mock": "^2.5.2",
        "jest-environment-jsdom": "^30.1.0",
        "jest-environment-node": "^30.1.0",
        "jest-image-snapshot": "^6.4.0",
        "jest-puppeteer": "^11.0.0",
        "jquery": "^3.7.1",
        "jsdom": "27.0.0",
        "jsonml-to-react-element": "^1.1.11",
        "jsonml.js": "^0.1.0",
        "lint-staged": "^16.0.0",
        "lodash": "^4.17.21",
        "lunar-typescript": "^1.7.5",
        "lz-string": "^1.5.0",
        "minimist": "^1.2.8",
        "mockdate": "^3.0.5",
        "node-fetch": "^3.3.2",
        "node-notifier": "^10.0.1",
        "open": "^11.0.0",
        "ora": "^9.0.0",
        "p-all": "^5.0.0",
        "package-manager-detector": "^1.0.0",
        "pngjs": "^7.0.0",
        "portfinder": "^1.0.37",
        "prettier": "^3.4.1",
        "pretty-format": "^30.0.0",
        "prismjs": "^1.29.0",
        "puppeteer": "^24.7.1",
        "rc-footer": "^0.6.8",
        "rc-tween-one": "^3.0.6",
        "rc-virtual-list": "^3.19.1",
        "react": "^19.2.0",
        "react-copy-to-clipboard": "^5.1.0",
        "react-countup": "^6.5.3",
        "react-dom": "^19.2.0",
        "react-draggable": "^4.4.6",
        "react-fast-marquee": "^1.6.5",
        "react-highlight-words": "^0.21.0",
        "react-icons": "^5.4.0",
        "react-infinite-scroll-component": "^6.1.0",
        "react-resizable": "^3.0.5",
        "react-router-dom": "^7.0.1",
        "react-sticky-box": "^2.0.5",
        "rehype-stringify": "^10.0.1",
        "remark": "^15.0.1",
        "remark-cli": "^12.0.1",
        "remark-gfm": "^4.0.0",
        "remark-lint": "^10.0.0",
        "remark-lint-no-undefined-references": "^5.0.0",
        "remark-preset-lint-recommended": "^7.0.0",
        "remark-rehype": "^11.1.1",
        "rimraf": "^6.0.1",
        "runes2": "^1.1.4",
        "semver": "^7.6.3",
        "sharp": "^0.34.0",
        "simple-git": "^3.27.0",
        "size-limit": "^11.1.6",
        "spinnies": "^0.5.1",
        "swr": "^2.3.6",
        "tar": "^7.4.3",
        "tsx": "^4.20.3",
        "typedoc": "^0.28.0",
        "typescript": "~5.9.2",
        "vanilla-jsoneditor": "^3.0.0",
        "vanilla-tilt": "^1.8.1",
        "webpack": "^5.100.0",
        "webpack-bundle-analyzer": "^5.0.1",
        "xhr-mock": "^2.5.1"
      },
      "funding": {
        "type": "opencollective",
        "url": "https://opencollective.com/ant-design"
      },
      "peerDependencies": {
        "react": ">=16.9.0",
        "react-dom": ">=16.9.0"
      }
    },
    "../node_modules/.pnpm/react-dom@18.2.0_react@18.2.0/node_modules/react-dom": {
      "version": "18.2.0",
      "license": "MIT",
      "dependencies": {
        "loose-envify": "^1.1.0",
        "scheduler": "^0.23.0"
      },
      "peerDependencies": {
        "react": "^18.2.0"
      }
    },
    "../node_modules/.pnpm/react-refresh@0.14.0/node_modules/react-refresh": {
      "version": "0.14.0",
      "dev": true,
      "license": "MIT",
      "devDependencies": {
        "react-16-8": "npm:react@16.8.0",
        "react-dom-16-8": "npm:react-dom@16.8.0",
        "scheduler-0-13": "npm:scheduler@0.13.0"
      },
      "engines": {
        "node": ">=0.10.0"
      }
    },
    "../node_modules/.pnpm/react@18.2.0/node_modules/react": {
      "version": "18.2.0",
      "license": "MIT",
      "dependencies": {
        "loose-envify": "^1.1.0"
      },
      "engines": {
        "node": ">=0.10.0"
      }
    },
    "../node_modules/.pnpm/typescript@5.9.3/node_modules/typescript": {
      "version": "5.9.3",
      "dev": true,
      "license": "Apache-2.0",
      "bin": {
        "tsc": "bin/tsc",
        "tsserver": "bin/tsserver"
      },
      "devDependencies": {
        "@dprint/formatter": "^0.4.1",
        "@dprint/typescript": "0.93.4",
        "@esfx/canceltoken": "^1.0.0",
        "@eslint/js": "^9.20.0",
        "@octokit/rest": "^21.1.1",
        "@types/chai": "^4.3.20",
        "@types/diff": "^7.0.1",
        "@types/minimist": "^1.2.5",
        "@types/mocha": "^10.0.10",
        "@types/ms": "^0.7.34",
        "@types/node": "latest",
        "@types/source-map-support": "^0.5.10",
        "@types/which": "^3.0.4",
        "@typescript-eslint/rule-tester": "^8.24.1",
        "@typescript-eslint/type-utils": "^8.24.1",
        "@typescript-eslint/utils": "^8.24.1",
        "azure-devops-node-api": "^14.1.0",
        "c8": "^10.1.3",
        "chai": "^4.5.0",
        "chokidar": "^4.0.3",
        "diff": "^7.0.0",
        "dprint": "^0.49.0",
        "esbuild": "^0.25.0",
        "eslint": "^9.20.1",
        "eslint-formatter-autolinkable-stylish": "^1.4.0",
        "eslint-plugin-regexp": "^2.7.0",
        "fast-xml-parser": "^4.5.2",
        "glob": "^10.4.5",
        "globals": "^15.15.0",
        "hereby": "^1.10.0",
        "jsonc-parser": "^3.3.1",
        "knip": "^5.44.4",
        "minimist": "^1.2.8",
        "mocha": "^10.8.2",
        "mocha-fivemat-progress-reporter": "^0.1.0",
        "monocart-coverage-reports": "^2.12.1",
        "ms": "^2.1.3",
        "picocolors": "^1.1.1",
        "playwright": "^1.50.1",
        "source-map-support": "^0.5.21",
        "tslib": "^2.8.1",
        "typescript": "^5.7.3",
        "typescript-eslint": "^8.24.1",
        "which": "^3.0.1"
      },
      "engines": {
        "node": ">=14.17"
      }
    },
    "node_modules/@rspack/cli": {
      "resolved": "../node_modules/.pnpm/@rspack+cli@1.7.7_@rspack+core@1.7.7_tslib@2.6.2/node_modules/@rspack/cli",
      "link": true
    },
    "node_modules/@rspack/core": {
      "resolved": "../node_modules/.pnpm/@rspack+core@1.7.7/node_modules/@rspack/core",
      "link": true
    },
    "node_modules/@rspack/plugin-react-refresh": {
      "resolved": "../node_modules/.pnpm/@rspack+plugin-react-refresh@1.0.0_react-refresh@0.14.0/node_modules/@rspack/plugin-react-refresh",
      "link": true
    },
    "node_modules/@types/react": {
      "resolved": "../node_modules/.pnpm/@types+react@18.2.48/node_modules/@types/react",
      "link": true
    },
    "node_modules/@types/react-dom": {
      "resolved": "../node_modules/.pnpm/@types+react-dom@18.2.18/node_modules/@types/react-dom",
      "link": true
    },
    "node_modules/antd": {
      "resolved": "../node_modules/.pnpm/antd@5.29.3_react-dom@18.2.0_react@18.2.0/node_modules/antd",
      "link": true
    },
    "node_modules/react": {
      "resolved": "../node_modules/.pnpm/react@18.2.0/node_modules/react",
      "link": true
    },
    "node_modules/react-dom": {
      "resolved": "../node_modules/.pnpm/react-dom@18.2.0_react@18.2.0/node_modules/react-dom",
      "link": true
    },
    "node_modules/react-refresh": {
      "resolved": "../node_modules/.pnpm/react-refresh@0.14.0/node_modules/react-refresh",
      "link": true
    },
    "node_modules/typescript": {
      "resolved": "../node_modules/.pnpm/typescript@5.9.3/node_modules/typescript",
      "link": true
    }
  }
}
